{
  "name": "aaira-twitch-bot-bot",
  "version": "1.0.0",
  "lockfileVersion": 3,
  "requires": true,
  "packages": {
    "": {
      "name": "aaira-twitch-bot-bot",
      "version": "1.0.0",
      "license": "ISC",
      "dependencies": {
        "@twurple/auth": "^7.1.0",
        "@twurple/auth-tmi": "^7.1.0",
        "tmi.js": "^1.8.5"
      }
    },
    "node_modules/@d-fischer/cross-fetch": {
      "version": "5.0.5",
      "resolved": "https://registry.npmjs.org/@d-fischer/cross-fetch/-/cross-fetch-5.0.5.tgz",
      "integrity": "sha512-symjDUPInTrkfIsZc2n2mo9hiAJLcTJsZkNICjZajEWnWpJ3s3zn50/FY8xpNUAf5w3eFuQii2wxztTGpvG1Xg==",
      "dependencies": {
        "node-fetch": "^2.6.12"
      }
    },
    "node_modules/@d-fischer/deprecate": {
      "version": "2.0.2",
      "resolved": "https://registry.npmjs.org/@d-fischer/deprecate/-/deprecate-2.0.2.tgz",
      "integrity": "sha512-wlw3HwEanJFJKctwLzhfOM6LKwR70FPfGZGoKOhWBKyOPXk+3a9Cc6S9zhm6tka7xKtpmfxVIReGUwPnMbIaZg=="
    },
    "node_modules/@d-fischer/detect-node": {
      "version": "3.0.1",
      "resolved": "https://registry.npmjs.org/@d-fischer/detect-node/-/detect-node-3.0.1.tgz",
      "integrity": "sha512-0Rf3XwTzuTh8+oPZW9SfxTIiL+26RRJ0BRPwj5oVjZFyFKmsj9RGfN2zuTRjOuA3FCK/jYm06HOhwNK+8Pfv8w=="
    },
    "node_modules/@d-fischer/logger": {
      "version": "4.2.3",
      "resolved": "https://registry.npmjs.org/@d-fischer/logger/-/logger-4.2.3.tgz",
      "integrity": "sha512-mJUx9OgjrNVLQa4od/+bqnmD164VTCKnK5B4WOW8TX5y/3w2i58p+PMRE45gUuFjk2BVtOZUg55JQM3d619fdw==",
      "dependencies": {
        "@d-fischer/detect-node": "^3.0.1",
        "@d-fischer/shared-utils": "^3.2.0",
        "tslib": "^2.0.3"
      },
      "funding": {
        "url": "https://github.com/sponsors/d-fischer"
      }
    },
    "node_modules/@d-fischer/qs": {
      "version": "7.0.2",
      "resolved": "https://registry.npmjs.org/@d-fischer/qs/-/qs-7.0.2.tgz",
      "integrity": "sha512-yAu3xDooiL+ef84Jo8nLjDjWBRk7RXk163Y6aTvRB7FauYd3spQD/dWvgT7R4CrN54Juhrrc3dMY7mc+jZGurQ==",
      "engines": {
        "node": ">=0.6"
      },
      "funding": {
        "url": "https://github.com/sponsors/d-fischer"
      }
    },
    "node_modules/@d-fischer/shared-utils": {
      "version": "3.6.3",
      "resolved": "https://registry.npmjs.org/@d-fischer/shared-utils/-/shared-utils-3.6.3.tgz",
      "integrity": "sha512-Lz+Qk1WJLVoeREOHPZcIDTHOoxecxMSG2sq+x1xWYCH1exqiMKMMx06pXdy15UzHG7ohvQRNXk2oHqZ9EOl9jQ==",
      "dependencies": {
        "tslib": "^2.4.1"
      },
      "funding": {
        "url": "https://github.com/sponsors/d-fischer"
      }
    },
    "node_modules/@d-fischer/typed-event-emitter": {
      "version": "3.3.3",
      "resolved": "https://registry.npmjs.org/@d-fischer/typed-event-emitter/-/typed-event-emitter-3.3.3.tgz",
      "integrity": "sha512-OvSEOa8icfdWDqcRtjSEZtgJTFOFNgTjje7zaL0+nAtu2/kZtRCSK5wUMrI/aXtCH8o0Qz2vA8UqkhWUTARFQQ==",
      "dependencies": {
        "tslib": "^2.4.0"
      },
      "funding": {
        "url": "https://github.com/sponsors/d-fischer"
      }
    },
    "node_modules/@twurple/api-call": {
      "version": "7.1.0",
      "resolved": "https://registry.npmjs.org/@twurple/api-call/-/api-call-7.1.0.tgz",
      "integrity": "sha512-aiyV492StnILyFzU/Eqgn+BA8fz125sB/0QJVlCJotMolrZxBkA4NsFEGDOcR3rOJLL7zOKPYMhWI8zY0gfzPA==",
      "dependencies": {
        "@d-fischer/cross-fetch": "^5.0.1",
        "@d-fischer/qs": "^7.0.2",
        "@d-fischer/shared-utils": "^3.6.1",
        "@twurple/common": "7.1.0",
        "tslib": "^2.0.3"
      },
      "funding": {
        "url": "https://github.com/sponsors/d-fischer"
      }
    },
    "node_modules/@twurple/auth": {
      "version": "7.1.0",
      "resolved": "https://registry.npmjs.org/@twurple/auth/-/auth-7.1.0.tgz",
      "integrity": "sha512-OT7XtoXeYA8yLvCKdIZ76x71D/RfxPZQqufpimy5ZSL4+TpxY1CJNFp8YWstC1KEfyGVwyr7ZoV49u95k0JJmw==",
      "dependencies": {
        "@d-fischer/logger": "^4.2.1",
        "@d-fischer/shared-utils": "^3.6.1",
        "@d-fischer/typed-event-emitter": "^3.3.1",
        "@twurple/api-call": "7.1.0",
        "@twurple/common": "7.1.0",
        "tslib": "^2.0.3"
      },
      "funding": {
        "url": "https://github.com/sponsors/d-fischer"
      }
    },
    "node_modules/@twurple/auth-tmi": {
      "version": "7.1.0",
      "resolved": "https://registry.npmjs.org/@twurple/auth-tmi/-/auth-tmi-7.1.0.tgz",
      "integrity": "sha512-1ChOTZgd5RnxQReGwAYZV3+TyqI0YrPjigUGHAeR4tQ2i+96kJotFb7VScJkNxwAeUIUgN8HS3aN9PC+ituvFQ==",
      "dependencies": {
        "@d-fischer/deprecate": "^2.0.2",
        "@types/tmi.js": "^1.7.1",
        "tslib": "^2.0.3"
      },
      "funding": {
        "url": "https://github.com/sponsors/d-fischer"
      },
      "peerDependencies": {
        "@twurple/auth": "7.1.0",
        "tmi.js": "^1.6.0"
      }
    },
    "node_modules/@twurple/common": {
      "version": "7.1.0",
      "resolved": "https://registry.npmjs.org/@twurple/common/-/common-7.1.0.tgz",
      "integrity": "sha512-kz3J9J116+aOdyhCzRQwaxFC5eAewwQ9Iv2UmPHXYqRfbgKay6TsL27vk+Q2HygBCvx/8OWpX3pdSo3V/VPmoA==",
      "dependencies": {
        "@d-fischer/shared-utils": "^3.6.1",
        "klona": "^2.0.4",
        "tslib": "^2.0.3"
      },
      "funding": {
        "url": "https://github.com/sponsors/d-fischer"
      }
    },
    "node_modules/@types/tmi.js": {
      "version": "1.8.6",
      "resolved": "https://registry.npmjs.org/@types/tmi.js/-/tmi.js-1.8.6.tgz",
      "integrity": "sha512-LVzNK7AxTMyh9qHLanAQR1o0I9XzfbIcXk85cx85igmCJHHO1Sm71sdhQ8Mj1WmRGzynPIoCXx6mVaFynWbsQw=="
    },
    "node_modules/klona": {
      "version": "2.0.6",
      "resolved": "https://registry.npmjs.org/klona/-/klona-2.0.6.tgz",
      "integrity": "sha512-dhG34DXATL5hSxJbIexCft8FChFXtmskoZYnoPWjXQuebWYCNkVeV3KkGegCK9CP1oswI/vQibS2GY7Em/sJJA==",
      "engines": {
        "node": ">= 8"
      }
    },
    "node_modules/node-fetch": {
      "version": "2.7.0",
      "resolved": "https://registry.npmjs.org/node-fetch/-/node-fetch-2.7.0.tgz",
      "integrity": "sha512-c4FRfUm/dbcWZ7U+1Wq0AwCyFL+3nt2bEw05wfxSz+DWpWsitgmSgYmy2dQdWyKC1694ELPqMs/YzUSNozLt8A==",
      "dependencies": {
        "whatwg-url": "^5.0.0"
      },
      "engines": {
        "node": "4.x || >=6.0.0"
      },
      "peerDependencies": {
        "encoding": "^0.1.0"
      },
      "peerDependenciesMeta": {
        "encoding": {
          "optional": true
        }
      }
    },
    "node_modules/tmi.js": {
      "version": "1.8.5",
      "resolved": "https://registry.npmjs.org/tmi.js/-/tmi.js-1.8.5.tgz",
      "integrity": "sha512-A9qrydfe1e0VWM9MViVhhxVgvLpnk7pFShVUWePsSTtoi+A1X+Zjdoa7OJd7/YsgHXGj3GkNEvnWop/1WwZuew==",
      "dependencies": {
        "node-fetch": "^2.6.1",
        "ws": "^8.2.0"
      },
      "engines": {
        "node": ">=10.0.0"
      }
    },
    "node_modules/tr46": {
      "version": "0.0.3",
      "resolved": "https://registry.npmjs.org/tr46/-/tr46-0.0.3.tgz",
      "integrity": "sha512-N3WMsuqV66lT30CrXNbEjx4GEwlow3v6rr4mCcv6prnfwhS01rkgyFdjPNBYd9br7LpXV1+Emh01fHnq2Gdgrw=="
    },
    "node_modules/tslib": {
      "version": "2.6.2",
      "resolved": "https://registry.npmjs.org/tslib/-/tslib-2.6.2.tgz",
      "integrity": "sha512-AEYxH93jGFPn/a2iVAwW87VuUIkR1FVUKB77NwMF7nBTDkDrrT/Hpt/IrCJ0QXhW27jTBDcf5ZY7w6RiqTMw2Q=="
    },
    "node_modules/webidl-conversions": {
      "version": "3.0.1",
      "resolved": "https://registry.npmjs.org/webidl-conversions/-/webidl-conversions-3.0.1.tgz",
      "integrity": "sha512-2JAn3z8AR6rjK8Sm8orRC0h/bcl/DqL7tRPdGZ4I1CjdF+EaMLmYxBHyXuKL849eucPFhvBoxMsflfOb8kxaeQ=="
    },
    "node_modules/whatwg-url": {
      "version": "5.0.0",
      "resolved": "https://registry.npmjs.org/whatwg-url/-/whatwg-url-5.0.0.tgz",
      "integrity": "sha512-saE57nupxk6v3HY35+jzBwYa0rKSy0XR8JSxZPwgLr7ys0IBzhGviA1/TUGJLmSVqs8pb9AnvICXEuOHLprYTw==",
      "dependencies": {
        "tr46": "~0.0.3",
        "webidl-conversions": "^3.0.0"
      }
    },
    "node_modules/ws": {
      "version": "8.16.0",
      "resolved": "https://registry.npmjs.org/ws/-/ws-8.16.0.tgz",
      "integrity": "sha512-HS0c//TP7Ina87TfiPUz1rQzMhHrl/SG2guqRcTOIUYD2q8uhUdNHZYJUaQ8aTGPzCh+c6oawMKW35nFl1dxyQ==",
      "engines": {
        "node": ">=10.0.0"
      },
      "peerDependencies": {
        "bufferutil": "^4.0.1",
        "utf-8-validate": ">=5.0.2"
      },
      "peerDependenciesMeta": {
        "bufferutil": {
          "optional": true
        },
        "utf-8-validate": {
          "optional": true
        }
      }
    }
  }
}
